
Microsoft Visual Studio Solution File, Format Version 12.00
# Visual Studio 2012
Project("{FAE04EC0-301F-11D3-BF4B-00C04F79EFBC}") = "CET-Test", "CET-Test.csproj", "{3B263A36-8DEA-42DD-95EB-EDD2EE13A67E}"
EndProject
Project("{FAE04EC0-301F-11D3-BF4B-00C04F79EFBC}") = "CET-Test.UITests", "CET-Test.UITests\CET-Test.UITests.csproj", "{A6CD7C70-286F-40F2-BE13-ADE2B324EE3E}"
EndProject
Global
	GlobalSection(SolutionConfigurationPlatforms) = preSolution
		Debug|Any CPU = Debug|Any CPU
		Release|Any CPU = Release|Any CPU
	EndGlobalSection
	GlobalSection(ProjectConfigurationPlatforms) = postSolution
		{3B263A36-8DEA-42DD-95EB-EDD2EE13A67E}.Debug|Any CPU.ActiveCfg = Debug|Any CPU
		{3B263A36-8DEA-42DD-95EB-EDD2EE13A67E}.Debug|Any CPU.Build.0 = Debug|Any CPU
		{3B263A36-8DEA-42DD-95EB-EDD2EE13A67E}.Release|Any CPU.ActiveCfg = Release|Any CPU
		{3B263A36-8DEA-42DD-95EB-EDD2EE13A67E}.Release|Any CPU.Build.0 = Release|Any CPU
		{A6CD7C70-286F-40F2-BE13-ADE2B324EE3E}.Debug|Any CPU.ActiveCfg = Debug|Any CPU
		{A6CD7C70-286F-40F2-BE13-ADE2B324EE3E}.Debug|Any CPU.Build.0 = Debug|Any CPU
		{A6CD7C70-286F-40F2-BE13-ADE2B324EE3E}.Release|Any CPU.ActiveCfg = Release|Any CPU
		{A6CD7C70-286F-40F2-BE13-ADE2B324EE3E}.Release|Any CPU.Build.0 = Release|Any CPU
	EndGlobalSection
EndGlobal
